# THIS IS AN AUTOGENERATED FILE. DO NOT EDIT THIS FILE DIRECTLY.
# yarn lockfile v1


"@next/env@13.1.2-canary.2":
  version "13.1.2-canary.2"
  resolved "https://registry.yarnpkg.com/@next/env/-/env-13.1.2-canary.2.tgz#2b17ea8bfec463797cfad514c2a3d6a52003c757"
  integrity sha512-NwEU6a4UDWdn/Pv+NiTzi22LSYWFElTBBNXQ1LlemtgJWVnrA6ZVMomzUfCYEgaQgAqqjFfJzW0qUiOuqM6mEA==

"@next/swc-android-arm-eabi@13.1.2-canary.2":
  version "13.1.2-canary.2"
  resolved "https://registry.yarnpkg.com/@next/swc-android-arm-eabi/-/swc-android-arm-eabi-13.1.2-canary.2.tgz#4ecddc379abd1915d0a7bfaf6fb4e4772b52385e"
  integrity sha512-gA83d7XQbRvFFkLjXTAgyp75VLdvZ+47RrXhXA7LYsh74Nk44A/sLTWfcnqN2uTQLZPdygQygGi3IUOpdlTRmw==

"@next/swc-android-arm64@13.1.2-canary.2":
  version "13.1.2-canary.2"
  resolved "https://registry.yarnpkg.com/@next/swc-android-arm64/-/swc-android-arm64-13.1.2-canary.2.tgz#3dd1022514a52d368aabd2ab61ac7c9f79a3900f"
  integrity sha512-hVfiIysPeK/XaUsod3l9+aePFQhJN5PZ5c8jjEMymyEKSn2Ssc/Nyqta2rKi3dnoE88R9BNG2wfAzbNAIfL0tQ==

"@next/swc-darwin-arm64@13.1.2-canary.2":
  version "13.1.2-canary.2"
  resolved "https://registry.yarnpkg.com/@next/swc-darwin-arm64/-/swc-darwin-arm64-13.1.2-canary.2.tgz#874e750141e9645ff9b2e5c7df3c22463d9abe08"
  integrity sha512-3b9kUfPOz9zHOqcju2ttdWnB9xIJOfwWurpKY5mscdXkY6qykoT0CGOxT8NNaRmvW/48fwfPOFRdlkWOG4rlEg==

"@next/swc-darwin-x64@13.1.2-canary.2":
  version "13.1.2-canary.2"
  resolved "https://registry.yarnpkg.com/@next/swc-darwin-x64/-/swc-darwin-x64-13.1.2-canary.2.tgz#08b4bf70ca4fd4d10f97c474530d01547ccfb18d"
  integrity sha512-SK3H8cD77InkUOCWv0sWu4gvZ5UvPekiluTGo2g82AHyDn1e64jirQ1UHkPGni0zZ9Rud5SAMGLRgilToY42lg==

"@next/swc-freebsd-x64@13.1.2-canary.2":
  version "13.1.2-canary.2"
  resolved "https://registry.yarnpkg.com/@next/swc-freebsd-x64/-/swc-freebsd-x64-13.1.2-canary.2.tgz#d04b7720f171e847035cbcad9f403757611cf36e"
  integrity sha512-OdZkrvTVdzEOb2/CfoZkJWalnmifkqte+KdHdfP9Xm0DPKkeYJQCZv3p3d82h2Z/A+MLeFsD5Mh8EfELvW6oEw==

"@next/swc-linux-arm-gnueabihf@13.1.2-canary.2":
  version "13.1.2-canary.2"
  resolved "https://registry.yarnpkg.com/@next/swc-linux-arm-gnueabihf/-/swc-linux-arm-gnueabihf-13.1.2-canary.2.tgz#f14bf40e01b67c9ec33c2d1a6d1483a61021966e"
  integrity sha512-yYat5/WIU0s1g9+wmWZsTXnbPdDwt8BFG625iC//ZLDC6v4OlnuYWOsBMBrGxU3EbRF0p8TWbq6ug/eiLnRBXg==

"@next/swc-linux-arm64-gnu@13.1.2-canary.2":
  version "13.1.2-canary.2"
  resolved "https://registry.yarnpkg.com/@next/swc-linux-arm64-gnu/-/swc-linux-arm64-gnu-13.1.2-canary.2.tgz#7ac8198093c5eda4520cdbec75adf32e345c8e7c"
  integrity sha512-8TaScu2XT7836Sx1Y7Ll91wWL4QgcYhwAUu69WaG5AMRru7TRhOcDmJ0W/BirL5neNzIVOyNwFPP30uJFoJpYA==

"@next/swc-linux-arm64-musl@13.1.2-canary.2":
  version "13.1.2-canary.2"
  resolved "https://registry.yarnpkg.com/@next/swc-linux-arm64-musl/-/swc-linux-arm64-musl-13.1.2-canary.2.tgz#9bc55fdb6f66c98732efda4d1cda0cecb855942b"
  integrity sha512-2hreQre3hGSTfCqdYIZryuOMtgjb6D6JO60kG/QwxdJbE7rHajeprRpVmc49SK9DgeiSOmCA1c46AtadPzEX/A==

"@next/swc-linux-x64-gnu@13.1.2-canary.2":
  version "13.1.2-canary.2"
  resolved "https://registry.yarnpkg.com/@next/swc-linux-x64-gnu/-/swc-linux-x64-gnu-13.1.2-canary.2.tgz#446488190af4b77d53f07ed1c1bec1ec04e367da"
  integrity sha512-5qSVX6gO6iCMbQgaRrtior8OeRPnzbok42OLnMcQ+RWrhup457v4hMukR80itbjtvRs0uaWrf74kbrrWLQtiWQ==

"@next/swc-linux-x64-musl@13.1.2-canary.2":
  version "13.1.2-canary.2"
  resolved "https://registry.yarnpkg.com/@next/swc-linux-x64-musl/-/swc-linux-x64-musl-13.1.2-canary.2.tgz#adcc4539be1eadb7b72d8816b8eb09be51cc88bc"
  integrity sha512-kqMNGkRfmacCUpbKjvyjzpm8LEZVGt1YptAs4RfJoDSbf6vUS9DPq8WkGzEdnBNR9rvmmXQ4/ob7dJmHYqTVMQ==

"@next/swc-win32-arm64-msvc@13.1.2-canary.2":
  version "13.1.2-canary.2"
  resolved "https://registry.yarnpkg.com/@next/swc-win32-arm64-msvc/-/swc-win32-arm64-msvc-13.1.2-canary.2.tgz#ec8f0058196ecd22537d9d86ce987a0d3ee6132c"
  integrity sha512-QDzxsHkVlaFeDFhXdvWsrQ1fXH9eBH2ARQIWVu66I9y5zuDILiRbF2g3vhHZsdknFmGdM/rLPNq+I3kstJIdAA==

"@next/swc-win32-ia32-msvc@13.1.2-canary.2":
  version "13.1.2-canary.2"
  resolved "https://registry.yarnpkg.com/@next/swc-win32-ia32-msvc/-/swc-win32-ia32-msvc-13.1.2-canary.2.tgz#76fae442f63b6c42f1c923dc353e728b4bc0e46a"
  integrity sha512-TgCuPsr+lQZPPID7jQfYFJ20gwbun7hSZcnVSZGDeQit+qiNPo34yNZfQo3GJXp9OVlKuWXkBrCgF5CZmabXhA==

"@next/swc-win32-x64-msvc@13.1.2-canary.2":
  version "13.1.2-canary.2"
  resolved "https://registry.yarnpkg.com/@next/swc-win32-x64-msvc/-/swc-win32-x64-msvc-13.1.2-canary.2.tgz#34131e4ca16fa1a51eba9341bde5b28959b2d01d"
  integrity sha512-D44GRY2qonWr//Ecd43ZsaZzTUeBrFBUudBYYPfd+KkL+Jav5Y6xSOnqrr6dqciBAeEG1clBd6XkPcxcHhlUrw==

"@swc/helpers@0.4.14":
  version "0.4.14"
  resolved "https://registry.yarnpkg.com/@swc/helpers/-/helpers-0.4.14.tgz#1352ac6d95e3617ccb7c1498ff019654f1e12a74"
  integrity sha512-4C7nX/dvpzB7za4Ql9K81xK3HPxCpHMgwTZVyf+9JQ6VUbn9jjZVN7/Nkdz/Ugzs2CSjqnL/UPXroiVBVHUWUw==
  dependencies:
    tslib "^2.4.0"

"@types/node@^18.11.13":
  version "18.11.18"
  resolved "https://registry.yarnpkg.com/@types/node/-/node-18.11.18.tgz#8dfb97f0da23c2293e554c5a50d61ef134d7697f"
  integrity sha512-DHQpWGjyQKSHj3ebjFI/wRKcqQcdR+MoFBygntYOZytCqNfkd2ZC4ARDJ2DQqhjH5p85Nnd3jhUJIXrszFX/JA==

"@types/prop-types@*":
  version "15.7.5"
  resolved "https://registry.yarnpkg.com/@types/prop-types/-/prop-types-15.7.5.tgz#5f19d2b85a98e9558036f6a3cacc8819420f05cf"
  integrity sha512-JCB8C6SnDoQf0cNycqd/35A7MjcnK+ZTqE7judS6o7utxUCg6imJg3QK2qzHKszlTjcj2cn+NwMB2i96ubpj7w==

"@types/react@^18.0.26":
  version "18.0.26"
  resolved "https://registry.yarnpkg.com/@types/react/-/react-18.0.26.tgz#8ad59fc01fef8eaf5c74f4ea392621749f0b7917"
  integrity sha512-hCR3PJQsAIXyxhTNSiDFY//LhnMZWpNNr5etoCqx/iUfGc5gXWtQR2Phl908jVR6uPXacojQWTg4qRpkxTuGug==
  dependencies:
    "@types/prop-types" "*"
    "@types/scheduler" "*"
    csstype "^3.0.2"

"@types/scheduler@*":
  version "0.16.2"
  resolved "https://registry.yarnpkg.com/@types/scheduler/-/scheduler-0.16.2.tgz#1a62f89525723dde24ba1b01b092bf5df8ad4d39"
  integrity sha512-hppQEBDmlwhFAXKJX2KnWLYu5yMfi91yazPb2l+lbJiwW+wdo1gNeRA+3RgNSO39WYX2euey41KEwnqesU2Jew==

caniuse-lite@^1.0.30001406:
  version "1.0.30001442"
  resolved "https://registry.yarnpkg.com/caniuse-lite/-/caniuse-lite-1.0.30001442.tgz#40337f1cf3be7c637b061e2f78582dc1daec0614"
  integrity sha512-239m03Pqy0hwxYPYR5JwOIxRJfLTWtle9FV8zosfV5pHg+/51uD4nxcUlM8+mWWGfwKtt8lJNHnD3cWw9VZ6ow==

client-only@0.0.1:
  version "0.0.1"
  resolved "https://registry.yarnpkg.com/client-only/-/client-only-0.0.1.tgz#38bba5d403c41ab150bff64a95c85013cf73bca1"
  integrity sha512-IV3Ou0jSMzZrd3pZ48nLkT9DA7Ag1pnPzaiQhpW7c3RbcqqzvzzVu+L8gfqMp/8IM2MQtSiqaCxrrcfu8I8rMA==

csstype@^3.0.2:
  version "3.1.1"
  resolved "https://registry.yarnpkg.com/csstype/-/csstype-3.1.1.tgz#841b532c45c758ee546a11d5bd7b7b473c8c30b9"
  integrity sha512-DJR/VvkAvSZW9bTouZue2sSxDwdTN92uHjqeKVm+0dAqdfNykRzQ95tay8aXMBAAPpUiq4Qcug2L7neoRh2Egw==

"js-tokens@^3.0.0 || ^4.0.0":
  version "4.0.0"
  resolved "https://registry.yarnpkg.com/js-tokens/-/js-tokens-4.0.0.tgz#19203fb59991df98e3a287050d4647cdeaf32499"
  integrity sha512-RdJUflcE3cUzKiMqQgsCu06FPu9UdIJO0beYbPhHN4k6apgJtifcoCtT9bcxOpYBtpD2kCM6Sbzg4CausW/PKQ==

loose-envify@^1.1.0:
  version "1.4.0"
  resolved "https://registry.yarnpkg.com/loose-envify/-/loose-envify-1.4.0.tgz#71ee51fa7be4caec1a63839f7e682d8132d30caf"
  integrity sha512-lyuxPGr/Wfhrlem2CL/UcnUc1zcqKAImBDzukY7Y5F/yQiNdko6+fRLevlw1HgMySw7f611UIY408EtxRSoK3Q==
  dependencies:
    js-tokens "^3.0.0 || ^4.0.0"

nanoid@^3.3.4:
  version "3.3.4"
  resolved "https://registry.yarnpkg.com/nanoid/-/nanoid-3.3.4.tgz#730b67e3cd09e2deacf03c027c81c9d9dbc5e8ab"
  integrity sha512-MqBkQh/OHTS2egovRtLk45wEyNXwF+cokD+1YPf9u5VfJiRdAiRwB2froX5Co9Rh20xs4siNPm8naNotSD6RBw==

next@canary:
  version "13.1.2-canary.2"
  resolved "https://registry.yarnpkg.com/next/-/next-13.1.2-canary.2.tgz#6b5ab70d50cfe18b1f16cc37844f6663e722455d"
  integrity sha512-yL13fpqAHL9EWu36l595DnywLIiKQKvf1lnOEl07coan/OgM35SkNbOoP/KyWass/zfPg9/nk8pArHvmgJw6ag==
  dependencies:
    "@next/env" "13.1.2-canary.2"
    "@swc/helpers" "0.4.14"
    caniuse-lite "^1.0.30001406"
    postcss "8.4.14"
    styled-jsx "5.1.1"
  optionalDependencies:
    "@next/swc-android-arm-eabi" "13.1.2-canary.2"
    "@next/swc-android-arm64" "13.1.2-canary.2"
    "@next/swc-darwin-arm64" "13.1.2-canary.2"
    "@next/swc-darwin-x64" "13.1.2-canary.2"
    "@next/swc-freebsd-x64" "13.1.2-canary.2"
    "@next/swc-linux-arm-gnueabihf" "13.1.2-canary.2"
    "@next/swc-linux-arm64-gnu" "13.1.2-canary.2"
    "@next/swc-linux-arm64-musl" "13.1.2-canary.2"
    "@next/swc-linux-x64-gnu" "13.1.2-canary.2"
    "@next/swc-linux-x64-musl" "13.1.2-canary.2"
    "@next/swc-win32-arm64-msvc" "13.1.2-canary.2"
    "@next/swc-win32-ia32-msvc" "13.1.2-canary.2"
    "@next/swc-win32-x64-msvc" "13.1.2-canary.2"

picocolors@^1.0.0:
  version "1.0.0"
  resolved "https://registry.yarnpkg.com/picocolors/-/picocolors-1.0.0.tgz#cb5bdc74ff3f51892236eaf79d68bc44564ab81c"
  integrity sha512-1fygroTLlHu66zi26VoTDv8yRgm0Fccecssto+MhsZ0D/DGW2sm8E8AjW7NU5VVTRt5GxbeZ5qBuJr+HyLYkjQ==

postcss@8.4.14:
  version "8.4.14"
  resolved "https://registry.yarnpkg.com/postcss/-/postcss-8.4.14.tgz#ee9274d5622b4858c1007a74d76e42e56fd21caf"
  integrity sha512-E398TUmfAYFPBSdzgeieK2Y1+1cpdxJx8yXbK/m57nRhKSmk1GB2tO4lbLBtlkfPQTDKfe4Xqv1ASWPpayPEig==
  dependencies:
    nanoid "^3.3.4"
    picocolors "^1.0.0"
    source-map-js "^1.0.2"

react-dom@^18.2.0:
  version "18.2.0"
  resolved "https://registry.yarnpkg.com/react-dom/-/react-dom-18.2.0.tgz#22aaf38708db2674ed9ada224ca4aa708d821e3d"
  integrity sha512-6IMTriUmvsjHUjNtEDudZfuDQUoWXVxKHhlEGSk81n4YFS+r/Kl99wXiwlVXtPBtJenozv2P+hxDsw9eA7Xo6g==
  dependencies:
    loose-envify "^1.1.0"
    scheduler "^0.23.0"

react@^18.2.0:
  version "18.2.0"
  resolved "https://registry.yarnpkg.com/react/-/react-18.2.0.tgz#555bd98592883255fa00de14f1151a917b5d77d5"
  integrity sha512-/3IjMdb2L9QbBdWiW5e3P2/npwMBaU9mHCSCUzNln0ZCYbcfTsGbTJrU/kGemdH2IWmB2ioZ+zkxtmq6g09fGQ==
  dependencies:
    loose-envify "^1.1.0"

scheduler@^0.23.0:
  version "0.23.0"
  resolved "https://registry.yarnpkg.com/scheduler/-/scheduler-0.23.0.tgz#ba8041afc3d30eb206a487b6b384002e4e61fdfe"
  integrity sha512-CtuThmgHNg7zIZWAXi3AsyIzA3n4xx7aNyjwC2VJldO2LMVDhFK+63xGqq6CsJH4rTAt6/M+N4GhZiDYPx9eUw==
  dependencies:
    loose-envify "^1.1.0"

source-map-js@^1.0.2:
  version "1.0.2"
  resolved "https://registry.yarnpkg.com/source-map-js/-/source-map-js-1.0.2.tgz#adbc361d9c62df380125e7f161f71c826f1e490c"
  integrity sha512-R0XvVJ9WusLiqTCEiGCmICCMplcCkIwwR11mOSD9CR5u+IXYdiseeEuXCVAjS54zqwkLcPNnmU4OeJ6tUrWhDw==

styled-jsx@5.1.1:
  version "5.1.1"
  resolved "https://registry.yarnpkg.com/styled-jsx/-/styled-jsx-5.1.1.tgz#839a1c3aaacc4e735fed0781b8619ea5d0009d1f"
  integrity sha512-pW7uC1l4mBZ8ugbiZrcIsiIvVx1UmTfw7UkC3Um2tmfUq9Bhk8IiyEIPl6F8agHgjzku6j0xQEZbfA5uSgSaCw==
  dependencies:
    client-only "0.0.1"

tslib@^2.4.0:
  version "2.4.1"
  resolved "https://registry.yarnpkg.com/tslib/-/tslib-2.4.1.tgz#0d0bfbaac2880b91e22df0768e55be9753a5b17e"
  integrity sha512-tGyy4dAjRIEwI7BzsB0lynWgOpfqjUdq91XXAlIWD2OwKBH7oCl/GZG/HT4BOHrTlPMOASlMQ7veyTqpmRcrNA==

typescript@^4.9.4:
  version "4.9.4"
  resolved "https://registry.yarnpkg.com/typescript/-/typescript-4.9.4.tgz#a2a3d2756c079abda241d75f149df9d561091e78"
  integrity sha512-Uz+dTXYzxXXbsFpM86Wh3dKCxrQqUcVMxwU54orwlJjOpO3ao8L7j5lH+dWfTwgCwIuM9GQ2kvVotzYJMXTBZg==
